
Microsoft Visual Studio Solution File, Format Version 12.00
# Visual Studio Version 16
VisualStudioVersion = 16.0.30611.23
MinimumVisualStudioVersion = 10.0.40219.1
Project("{FAE04EC0-301F-11D3-BF4B-00C04F79EFBC}") = "WinformsImmoPark", "WinformsImmoPark\WinformsImmoPark.csproj", "{B155CB8C-A274-4692-9004-6D24FEC7FC06}"
EndProject
Global
	GlobalSection(SolutionConfigurationPlatforms) = preSolution
		Debug|Any CPU = Debug|Any CPU
		Release|Any CPU = Release|Any CPU
	EndGlobalSection
	GlobalSection(ProjectConfigurationPlatforms) = postSolution
		{B155CB8C-A274-4692-9004-6D24FEC7FC06}.Debug|Any CPU.ActiveCfg = Debug|Any CPU
		{B155CB8C-A274-4692-9004-6D24FEC7FC06}.Debug|Any CPU.Build.0 = Debug|Any CPU
		{B155CB8C-A274-4692-9004-6D24FEC7FC06}.Release|Any CPU.ActiveCfg = Release|Any CPU
		{B155CB8C-A274-4692-9004-6D24FEC7FC06}.Release|Any CPU.Build.0 = Release|Any CPU
	EndGlobalSection
	GlobalSection(SolutionProperties) = preSolution
		HideSolutionNode = FALSE
	EndGlobalSection
	GlobalSection(ExtensibilityGlobals) = postSolution
		SolutionGuid = {A8DF6D6C-399F-4A29-9E71-BA0D03639ABD}
	EndGlobalSection
EndGlobal
